
Microsoft Visual Studio Solution File, Format Version 12.00
# Visual Studio Version 16
VisualStudioVersion = 16.0.29613.14
MinimumVisualStudioVersion = 10.0.40219.1
Project("{FAE04EC0-301F-11D3-BF4B-00C04F79EFBC}") = "BridgeMethod", "BridgeMethod\BridgeMethod.csproj", "{020DCE84-8183-45E4-A644-7E6C0AFC3A7D}"
EndProject
Global
	GlobalSection(SolutionConfigurationPlatforms) = preSolution
		Debug|Any CPU = Debug|Any CPU
		Release|Any CPU = Release|Any CPU
	EndGlobalSection
	GlobalSection(ProjectConfigurationPlatforms) = postSolution
		{020DCE84-8183-45E4-A644-7E6C0AFC3A7D}.Debug|Any CPU.ActiveCfg = Debug|Any CPU
		{020DCE84-8183-45E4-A644-7E6C0AFC3A7D}.Debug|Any CPU.Build.0 = Debug|Any CPU
		{020DCE84-8183-45E4-A644-7E6C0AFC3A7D}.Release|Any CPU.ActiveCfg = Release|Any CPU
		{020DCE84-8183-45E4-A644-7E6C0AFC3A7D}.Release|Any CPU.Build.0 = Release|Any CPU
	EndGlobalSection
	GlobalSection(SolutionProperties) = preSolution
		HideSolutionNode = FALSE
	EndGlobalSection
	GlobalSection(ExtensibilityGlobals) = postSolution
		SolutionGuid = {B3C30B57-1D67-49A0-84B5-73083469950E}
	EndGlobalSection
EndGlobal
